
Microsoft Visual Studio Solution File, Format Version 12.00
# Visual Studio 15
VisualStudioVersion = 15.0.28307.136
MinimumVisualStudioVersion = 10.0.40219.1
Project("{FAE04EC0-301F-11D3-BF4B-00C04F79EFBC}") = "Project_1", "Project_1\Project_1.csproj", "{FF900F61-0308-494D-83DF-E92AE8538F91}"
EndProject
Global
	GlobalSection(SolutionConfigurationPlatforms) = preSolution
		Debug|Any CPU = Debug|Any CPU
		Release|Any CPU = Release|Any CPU
	EndGlobalSection
	GlobalSection(ProjectConfigurationPlatforms) = postSolution
		{FF900F61-0308-494D-83DF-E92AE8538F91}.Debug|Any CPU.ActiveCfg = Debug|Any CPU
		{FF900F61-0308-494D-83DF-E92AE8538F91}.Debug|Any CPU.Build.0 = Debug|Any CPU
		{FF900F61-0308-494D-83DF-E92AE8538F91}.Release|Any CPU.ActiveCfg = Release|Any CPU
		{FF900F61-0308-494D-83DF-E92AE8538F91}.Release|Any CPU.Build.0 = Release|Any CPU
	EndGlobalSection
	GlobalSection(SolutionProperties) = preSolution
		HideSolutionNode = FALSE
	EndGlobalSection
	GlobalSection(ExtensibilityGlobals) = postSolution
		SolutionGuid = {91FA329B-9A4C-4140-8945-489BAC832979}
	EndGlobalSection
EndGlobal
