
Microsoft Visual Studio Solution File, Format Version 12.00
# Visual Studio 15
VisualStudioVersion = 15.0.28307.168
MinimumVisualStudioVersion = 10.0.40219.1
Project("{FAE04EC0-301F-11D3-BF4B-00C04F79EFBC}") = "Project_7", "Project_7\Project_7.csproj", "{5A370FDC-3942-4F42-A5F6-A09D9939931C}"
EndProject
Global
	GlobalSection(SolutionConfigurationPlatforms) = preSolution
		Debug|Any CPU = Debug|Any CPU
		Release|Any CPU = Release|Any CPU
	EndGlobalSection
	GlobalSection(ProjectConfigurationPlatforms) = postSolution
		{5A370FDC-3942-4F42-A5F6-A09D9939931C}.Debug|Any CPU.ActiveCfg = Debug|Any CPU
		{5A370FDC-3942-4F42-A5F6-A09D9939931C}.Debug|Any CPU.Build.0 = Debug|Any CPU
		{5A370FDC-3942-4F42-A5F6-A09D9939931C}.Release|Any CPU.ActiveCfg = Release|Any CPU
		{5A370FDC-3942-4F42-A5F6-A09D9939931C}.Release|Any CPU.Build.0 = Release|Any CPU
	EndGlobalSection
	GlobalSection(SolutionProperties) = preSolution
		HideSolutionNode = FALSE
	EndGlobalSection
	GlobalSection(ExtensibilityGlobals) = postSolution
		SolutionGuid = {63BF74DB-09C5-4973-9C71-ACC0F9969FA9}
	EndGlobalSection
EndGlobal
